
Microsoft Visual Studio Solution File, Format Version 12.00
Project("{FAE04EC0-301F-11D3-BF4B-00C04F79EFBC}") = "SPTTweaks", "SPTTweaks\SPTTweaks.csproj", "{A20FB080-29B8-42C9-B9FA-E7B999F8A290}"
EndProject
Project("{54A90642-561A-4BB1-A94E-469ADEE60C69}") = "TSTweaks", "TSTweaks\TSTweaks.esproj", "{B2F1232E-1573-4D3D-9C29-8061881368F5}"
EndProject
Project("{2150E333-8FDC-42A3-9474-1A3956D46DE8}") = "server-csharp", "server-csharp", "{37CF565F-F26E-4E09-B8A5-C32F495457CD}"
EndProject
Project("{FAE04EC0-301F-11D3-BF4B-00C04F79EFBC}") = "SPTarkov.Server", "server-csharp\SPTarkov.Server\SPTarkov.Server.csproj", "{D0D09906-52F9-4984-8EC1-761F62F6BC6D}"
EndProject
Project("{2150E333-8FDC-42A3-9474-1A3956D46DE8}") = "Libraries", "\server-csharp\Libraries", "{F084DDFD-89F3-44F9-89C3-5CA11F4CDEEF}"
EndProject
Project("{FAE04EC0-301F-11D3-BF4B-00C04F79EFBC}") = "SPTarkov.Common", "server-csharp\Libraries\SPTarkov.Common\SPTarkov.Common.csproj", "{B418248E-F563-45E7-97C0-4AE83D027C47}"
EndProject
Project("{FAE04EC0-301F-11D3-BF4B-00C04F79EFBC}") = "SPTarkov.DI", "server-csharp\Libraries\SPTarkov.DI\SPTarkov.DI.csproj", "{5AC7F384-6048-4BB5-95BC-D5573AB4711E}"
EndProject
Project("{FAE04EC0-301F-11D3-BF4B-00C04F79EFBC}") = "SPTarkov.Reflection", "server-csharp\Libraries\SPTarkov.Reflection\SPTarkov.Reflection.csproj", "{F6A39167-BADC-41D8-95AD-8A4FA613A684}"
EndProject
Project("{FAE04EC0-301F-11D3-BF4B-00C04F79EFBC}") = "SPTarkov.Server.Assets", "server-csharp\Libraries\SPTarkov.Server.Assets\SPTarkov.Server.Assets.csproj", "{4CA20177-C415-4104-BC21-111C25D099B3}"
EndProject
Project("{FAE04EC0-301F-11D3-BF4B-00C04F79EFBC}") = "SPTarkov.Server.Core", "server-csharp\Libraries\SPTarkov.Server.Core\SPTarkov.Server.Core.csproj", "{C6F160C7-AF13-406C-9006-E440994D76C8}"
EndProject
Global
	GlobalSection(SolutionConfigurationPlatforms) = preSolution
		Debug|Any CPU = Debug|Any CPU
		Release|Any CPU = Release|Any CPU
	EndGlobalSection
	GlobalSection(ProjectConfigurationPlatforms) = postSolution
		{A20FB080-29B8-42C9-B9FA-E7B999F8A290}.Debug|Any CPU.ActiveCfg = Debug|Any CPU
		{A20FB080-29B8-42C9-B9FA-E7B999F8A290}.Debug|Any CPU.Build.0 = Debug|Any CPU
		{A20FB080-29B8-42C9-B9FA-E7B999F8A290}.Release|Any CPU.ActiveCfg = Release|Any CPU
		{A20FB080-29B8-42C9-B9FA-E7B999F8A290}.Release|Any CPU.Build.0 = Release|Any CPU
		{B2F1232E-1573-4D3D-9C29-8061881368F5}.Debug|Any CPU.ActiveCfg = Debug|Any CPU
		{B2F1232E-1573-4D3D-9C29-8061881368F5}.Debug|Any CPU.Build.0 = Debug|Any CPU
		{B2F1232E-1573-4D3D-9C29-8061881368F5}.Release|Any CPU.ActiveCfg = Debug|Any CPU
		{B2F1232E-1573-4D3D-9C29-8061881368F5}.Release|Any CPU.Build.0 = Debug|Any CPU
		{D0D09906-52F9-4984-8EC1-761F62F6BC6D}.Debug|Any CPU.ActiveCfg = Debug|Any CPU
		{D0D09906-52F9-4984-8EC1-761F62F6BC6D}.Debug|Any CPU.Build.0 = Debug|Any CPU
		{D0D09906-52F9-4984-8EC1-761F62F6BC6D}.Release|Any CPU.ActiveCfg = Release|Any CPU
		{D0D09906-52F9-4984-8EC1-761F62F6BC6D}.Release|Any CPU.Build.0 = Release|Any CPU
		{B418248E-F563-45E7-97C0-4AE83D027C47}.Debug|Any CPU.ActiveCfg = Debug|Any CPU
		{B418248E-F563-45E7-97C0-4AE83D027C47}.Debug|Any CPU.Build.0 = Debug|Any CPU
		{B418248E-F563-45E7-97C0-4AE83D027C47}.Release|Any CPU.ActiveCfg = Release|Any CPU
		{B418248E-F563-45E7-97C0-4AE83D027C47}.Release|Any CPU.Build.0 = Release|Any CPU
		{5AC7F384-6048-4BB5-95BC-D5573AB4711E}.Debug|Any CPU.ActiveCfg = Debug|Any CPU
		{5AC7F384-6048-4BB5-95BC-D5573AB4711E}.Debug|Any CPU.Build.0 = Debug|Any CPU
		{5AC7F384-6048-4BB5-95BC-D5573AB4711E}.Release|Any CPU.ActiveCfg = Release|Any CPU
		{5AC7F384-6048-4BB5-95BC-D5573AB4711E}.Release|Any CPU.Build.0 = Release|Any CPU
		{F6A39167-BADC-41D8-95AD-8A4FA613A684}.Debug|Any CPU.ActiveCfg = Debug|Any CPU
		{F6A39167-BADC-41D8-95AD-8A4FA613A684}.Debug|Any CPU.Build.0 = Debug|Any CPU
		{F6A39167-BADC-41D8-95AD-8A4FA613A684}.Release|Any CPU.ActiveCfg = Release|Any CPU
		{F6A39167-BADC-41D8-95AD-8A4FA613A684}.Release|Any CPU.Build.0 = Release|Any CPU
		{4CA20177-C415-4104-BC21-111C25D099B3}.Debug|Any CPU.ActiveCfg = Debug|Any CPU
		{4CA20177-C415-4104-BC21-111C25D099B3}.Debug|Any CPU.Build.0 = Debug|Any CPU
		{4CA20177-C415-4104-BC21-111C25D099B3}.Release|Any CPU.ActiveCfg = Release|Any CPU
		{4CA20177-C415-4104-BC21-111C25D099B3}.Release|Any CPU.Build.0 = Release|Any CPU
		{C6F160C7-AF13-406C-9006-E440994D76C8}.Debug|Any CPU.ActiveCfg = Debug|Any CPU
		{C6F160C7-AF13-406C-9006-E440994D76C8}.Debug|Any CPU.Build.0 = Debug|Any CPU
		{C6F160C7-AF13-406C-9006-E440994D76C8}.Release|Any CPU.ActiveCfg = Release|Any CPU
		{C6F160C7-AF13-406C-9006-E440994D76C8}.Release|Any CPU.Build.0 = Release|Any CPU
	EndGlobalSection
	GlobalSection(NestedProjects) = preSolution
		{D0D09906-52F9-4984-8EC1-761F62F6BC6D} = {37CF565F-F26E-4E09-B8A5-C32F495457CD}
		{B418248E-F563-45E7-97C0-4AE83D027C47} = {F084DDFD-89F3-44F9-89C3-5CA11F4CDEEF}
		{5AC7F384-6048-4BB5-95BC-D5573AB4711E} = {F084DDFD-89F3-44F9-89C3-5CA11F4CDEEF}
		{F6A39167-BADC-41D8-95AD-8A4FA613A684} = {F084DDFD-89F3-44F9-89C3-5CA11F4CDEEF}
		{4CA20177-C415-4104-BC21-111C25D099B3} = {F084DDFD-89F3-44F9-89C3-5CA11F4CDEEF}
		{C6F160C7-AF13-406C-9006-E440994D76C8} = {F084DDFD-89F3-44F9-89C3-5CA11F4CDEEF}
		{F084DDFD-89F3-44F9-89C3-5CA11F4CDEEF} = {F084DDFD-89F3-44F9-89C3-5CA11F4CDEEF}
	EndGlobalSection
EndGlobal
